// !$*UTF8*$!
{
	archiveVersion = 1;
	classes = {
	};
	objectVersion = 56;
	objects = {

/* Begin PBXBuildFile section */
		F18B158729F33F4A0097C3C9 /* SwiftyOrbitsApp.swift in Sources */ = {isa = PBXBuildFile; fileRef = F18B158629F33F4A0097C3C9 /* SwiftyOrbitsApp.swift */; };
		F18B158929F33F4A0097C3C9 /* ContentView.swift in Sources */ = {isa = PBXBuildFile; fileRef = F18B158829F33F4A0097C3C9 /* ContentView.swift */; };
		F18B158B29F33F4B0097C3C9 /* Assets.xcassets in Resources */ = {isa = PBXBuildFile; fileRef = F18B158A29F33F4B0097C3C9 /* Assets.xcassets */; };
		F18B158F29F33F4B0097C3C9 /* Preview Assets.xcassets in Resources */ = {isa = PBXBuildFile; fileRef = F18B158E29F33F4B0097C3C9 /* Preview Assets.xcassets */; };
		F18B159629F33FC70097C3C9 /* SunView.swift in Sources */ = {isa = PBXBuildFile; fileRef = F18B159529F33FC70097C3C9 /* SunView.swift */; };
		F18B159829F340100097C3C9 /* OrbitPathView.swift in Sources */ = {isa = PBXBuildFile; fileRef = F18B159729F340100097C3C9 /* OrbitPathView.swift */; };
		F18B159A29F340630097C3C9 /* Planet.swift in Sources */ = {isa = PBXBuildFile; fileRef = F18B159929F340630097C3C9 /* Planet.swift */; };
		F18B159C29F340960097C3C9 /* Orbit.swift in Sources */ = {isa = PBXBuildFile; fileRef = F18B159B29F340960097C3C9 /* Orbit.swift */; };
		F18B159E29F340BA0097C3C9 /* PlanetView.swift in Sources */ = {isa = PBXBuildFile; fileRef = F18B159D29F340BA0097C3C9 /* PlanetView.swift */; };
		F18B15A029F341030097C3C9 /* Constants.swift in Sources */ = {isa = PBXBuildFile; fileRef = F18B159F29F341030097C3C9 /* Constants.swift */; };
		F18B15A229F341130097C3C9 /* Global Functions.swift in Sources */ = {isa = PBXBuildFile; fileRef = F18B15A129F341130097C3C9 /* Global Functions.swift */; };
/* End PBXBuildFile section */

/* Begin PBXFileReference section */
		F18B158329F33F4A0097C3C9 /* SwiftyOrbits.app */ = {isa = PBXFileReference; explicitFileType = wrapper.application; includeInIndex = 0; path = SwiftyOrbits.app; sourceTree = BUILT_PRODUCTS_DIR; };
		F18B158629F33F4A0097C3C9 /* SwiftyOrbitsApp.swift */ = {isa = PBXFileReference; lastKnownFileType = sourcecode.swift; path = SwiftyOrbitsApp.swift; sourceTree = "<group>"; };
		F18B158829F33F4A0097C3C9 /* ContentView.swift */ = {isa = PBXFileReference; lastKnownFileType = sourcecode.swift; path = ContentView.swift; sourceTree = "<group>"; };
		F18B158A29F33F4B0097C3C9 /* Assets.xcassets */ = {isa = PBXFileReference; lastKnownFileType = folder.assetcatalog; path = Assets.xcassets; sourceTree = "<group>"; };
		F18B158C29F33F4B0097C3C9 /* SwiftyOrbits.entitlements */ = {isa = PBXFileReference; lastKnownFileType = text.plist.entitlements; path = SwiftyOrbits.entitlements; sourceTree = "<group>"; };
		F18B158E29F33F4B0097C3C9 /* Preview Assets.xcassets */ = {isa = PBXFileReference; lastKnownFileType = folder.assetcatalog; path = "Preview Assets.xcassets"; sourceTree = "<group>"; };
		F18B159529F33FC70097C3C9 /* SunView.swift */ = {isa = PBXFileReference; lastKnownFileType = sourcecode.swift; path = SunView.swift; sourceTree = "<group>"; };
		F18B159729F340100097C3C9 /* OrbitPathView.swift */ = {isa = PBXFileReference; lastKnownFileType = sourcecode.swift; path = OrbitPathView.swift; sourceTree = "<group>"; };
		F18B159929F340630097C3C9 /* Planet.swift */ = {isa = PBXFileReference; lastKnownFileType = sourcecode.swift; path = Planet.swift; sourceTree = "<group>"; };
		F18B159B29F340960097C3C9 /* Orbit.swift */ = {isa = PBXFileReference; lastKnownFileType = sourcecode.swift; path = Orbit.swift; sourceTree = "<group>"; };
		F18B159D29F340BA0097C3C9 /* PlanetView.swift */ = {isa = PBXFileReference; lastKnownFileType = sourcecode.swift; path = PlanetView.swift; sourceTree = "<group>"; };
		F18B159F29F341030097C3C9 /* Constants.swift */ = {isa = PBXFileReference; lastKnownFileType = sourcecode.swift; path = Constants.swift; sourceTree = "<group>"; };
		F18B15A129F341130097C3C9 /* Global Functions.swift */ = {isa = PBXFileReference; lastKnownFileType = sourcecode.swift; path = "Global Functions.swift"; sourceTree = "<group>"; };
/* End PBXFileReference section */

/* Begin PBXFrameworksBuildPhase section */
		F18B158029F33F4A0097C3C9 /* Frameworks */ = {
			isa = PBXFrameworksBuildPhase;
			buildActionMask = 2147483647;
			files = (
			);
			runOnlyForDeploymentPostprocessing = 0;
		};
/* End PBXFrameworksBuildPhase section */

/* Begin PBXGroup section */
		F18B157A29F33F490097C3C9 = {
			isa = PBXGroup;
			children = (
				F18B158529F33F4A0097C3C9 /* SwiftyOrbits */,
				F18B158429F33F4A0097C3C9 /* Products */,
			);
			sourceTree = "<group>";
		};
		F18B158429F33F4A0097C3C9 /* Products */ = {
			isa = PBXGroup;
			children = (
				F18B158329F33F4A0097C3C9 /* SwiftyOrbits.app */,
			);
			name = Products;
			sourceTree = "<group>";
		};
		F18B158529F33F4A0097C3C9 /* SwiftyOrbits */ = {
			isa = PBXGroup;
			children = (
				F18B158629F33F4A0097C3C9 /* SwiftyOrbitsApp.swift */,
				F18B158829F33F4A0097C3C9 /* ContentView.swift */,
				F18B159F29F341030097C3C9 /* Constants.swift */,
				F18B15A129F341130097C3C9 /* Global Functions.swift */,
				F18B159929F340630097C3C9 /* Planet.swift */,
				F18B159B29F340960097C3C9 /* Orbit.swift */,
				F18B159D29F340BA0097C3C9 /* PlanetView.swift */,
				F18B159729F340100097C3C9 /* OrbitPathView.swift */,
				F18B159529F33FC70097C3C9 /* SunView.swift */,
				F18B158A29F33F4B0097C3C9 /* Assets.xcassets */,
				F18B158C29F33F4B0097C3C9 /* SwiftyOrbits.entitlements */,
				F18B158D29F33F4B0097C3C9 /* Preview Content */,
			);
			path = SwiftyOrbits;
			sourceTree = "<group>";
		};
		F18B158D29F33F4B0097C3C9 /* Preview Content */ = {
			isa = PBXGroup;
			children = (
				F18B158E29F33F4B0097C3C9 /* Preview Assets.xcassets */,
			);
			path = "Preview Content";
			sourceTree = "<group>";
		};
/* End PBXGroup section */

/* Begin PBXNativeTarget section */
		F18B158229F33F4A0097C3C9 /* SwiftyOrbits */ = {
			isa = PBXNativeTarget;
			buildConfigurationList = F18B159229F33F4B0097C3C9 /* Build configuration list for PBXNativeTarget "SwiftyOrbits" */;
			buildPhases = (
				F18B157F29F33F4A0097C3C9 /* Sources */,
				F18B158029F33F4A0097C3C9 /* Frameworks */,
				F18B158129F33F4A0097C3C9 /* Resources */,
			);
			buildRules = (
			);
			dependencies = (
			);
			name = SwiftyOrbits;
			productName = SwiftyOrbits;
			productReference = F18B158329F33F4A0097C3C9 /* SwiftyOrbits.app */;
			productType = "com.apple.product-type.application";
		};
/* End PBXNativeTarget section */

/* Begin PBXProject section */
		F18B157B29F33F490097C3C9 /* Project object */ = {
			isa = PBXProject;
			attributes = {
				BuildIndependentTargetsInParallel = 1;
				LastSwiftUpdateCheck = 1410;
				LastUpgradeCheck = 1410;
				TargetAttributes = {
					F18B158229F33F4A0097C3C9 = {
						CreatedOnToolsVersion = 14.1;
					};
				};
			};
			buildConfigurationList = F18B157E29F33F490097C3C9 /* Build configuration list for PBXProject "SwiftyOrbits" */;
			compatibilityVersion = "Xcode 14.0";
			developmentRegion = en;
			hasScannedForEncodings = 0;
			knownRegions = (
				en,
				Base,
			);
			mainGroup = F18B157A29F33F490097C3C9;
			productRefGroup = F18B158429F33F4A0097C3C9 /* Products */;
			projectDirPath = "";
			projectRoot = "";
			targets = (
				F18B158229F33F4A0097C3C9 /* SwiftyOrbits */,
			);
		};
/* End PBXProject section */

/* Begin PBXResourcesBuildPhase section */
		F18B158129F33F4A0097C3C9 /* Resources */ = {
			isa = PBXResourcesBuildPhase;
			buildActionMask = 2147483647;
			files = (
				F18B158F29F33F4B0097C3C9 /* Preview Assets.xcassets in Resources */,
				F18B158B29F33F4B0097C3C9 /* Assets.xcassets in Resources */,
			);
			runOnlyForDeploymentPostprocessing = 0;
		};
/* End PBXResourcesBuildPhase section */

/* Begin PBXSourcesBuildPhase section */
		F18B157F29F33F4A0097C3C9 /* Sources */ = {
			isa = PBXSourcesBuildPhase;
			buildActionMask = 2147483647;
			files = (
				F18B158929F33F4A0097C3C9 /* ContentView.swift in Sources */,
				F18B159629F33FC70097C3C9 /* SunView.swift in Sources */,
				F18B159C29F340960097C3C9 /* Orbit.swift in Sources */,
				F18B159829F340100097C3C9 /* OrbitPathView.swift in Sources */,
				F18B159E29F340BA0097C3C9 /* PlanetView.swift in Sources */,
				F18B158729F33F4A0097C3C9 /* SwiftyOrbitsApp.swift in Sources */,
				F18B159A29F340630097C3C9 /* Planet.swift in Sources */,
				F18B15A229F341130097C3C9 /* Global Functions.swift in Sources */,
				F18B15A029F341030097C3C9 /* Constants.swift in Sources */,
			);
			runOnlyForDeploymentPostprocessing = 0;
		};
/* End PBXSourcesBuildPhase section */

/* Begin XCBuildConfiguration section */
		F18B159029F33F4B0097C3C9 /* Debug */ = {
			isa = XCBuildConfiguration;
			buildSettings = {
				ALWAYS_SEARCH_USER_PATHS = NO;
				CLANG_ANALYZER_NONNULL = YES;
				CLANG_ANALYZER_NUMBER_OBJECT_CONVERSION = YES_AGGRESSIVE;
				CLANG_CXX_LANGUAGE_STANDARD = "gnu++20";
				CLANG_ENABLE_MODULES = YES;
				CLANG_ENABLE_OBJC_ARC = YES;
				CLANG_ENABLE_OBJC_WEAK = YES;
				CLANG_WARN_BLOCK_CAPTURE_AUTORELEASING = YES;
				CLANG_WARN_BOOL_CONVERSION = YES;
				CLANG_WARN_COMMA = YES;
				CLANG_WARN_CONSTANT_CONVERSION = YES;
				CLANG_WARN_DEPRECATED_OBJC_IMPLEMENTATIONS = YES;
				CLANG_WARN_DIRECT_OBJC_ISA_USAGE = YES_ERROR;
				CLANG_WARN_DOCUMENTATION_COMMENTS = YES;
				CLANG_WARN_EMPTY_BODY = YES;
				CLANG_WARN_ENUM_CONVERSION = YES;
				CLANG_WARN_INFINITE_RECURSION = YES;
				CLANG_WARN_INT_CONVERSION = YES;
				CLANG_WARN_NON_LITERAL_NULL_CONVERSION = YES;
				CLANG_WARN_OBJC_IMPLICIT_RETAIN_SELF = YES;
				CLANG_WARN_OBJC_LITERAL_CONVERSION = YES;
				CLANG_WARN_OBJC_ROOT_CLASS = YES_ERROR;
				CLANG_WARN_QUOTED_INCLUDE_IN_FRAMEWORK_HEADER = YES;
				CLANG_WARN_RANGE_LOOP_ANALYSIS = YES;
				CLANG_WARN_STRICT_PROTOTYPES = YES;
				CLANG_WARN_SUSPICIOUS_MOVE = YES;
				CLANG_WARN_UNGUARDED_AVAILABILITY = YES_AGGRESSIVE;
				CLANG_WARN_UNREACHABLE_CODE = YES;
				CLANG_WARN__DUPLICATE_METHOD_MATCH = YES;
				COPY_PHASE_STRIP = NO;
				DEBUG_INFORMATION_FORMAT = dwarf;
				ENABLE_STRICT_OBJC_MSGSEND = YES;
				ENABLE_TESTABILITY = YES;
				GCC_C_LANGUAGE_STANDARD = gnu11;
				GCC_DYNAMIC_NO_PIC = NO;
				GCC_NO_COMMON_BLOCKS = YES;
				GCC_OPTIMIZATION_LEVEL = 0;
				GCC_PREPROCESSOR_DEFINITIONS = (
					"DEBUG=1",
					"$(inherited)",
				);
				GCC_WARN_64_TO_32_BIT_CONVERSION = YES;
				GCC_WARN_ABOUT_RETURN_TYPE = YES_ERROR;
				GCC_WARN_UNDECLARED_SELECTOR = YES;
				GCC_WARN_UNINITIALIZED_AUTOS = YES_AGGRESSIVE;
				GCC_WARN_UNUSED_FUNCTION = YES;
				GCC_WARN_UNUSED_VARIABLE = YES;
				MTL_ENABLE_DEBUG_INFO = INCLUDE_SOURCE;
				MTL_FAST_MATH = YES;
				ONLY_ACTIVE_ARCH = YES;
				SWIFT_ACTIVE_COMPILATION_CONDITIONS = DEBUG;
				SWIFT_OPTIMIZATION_LEVEL = "-Onone";
			};
			name = Debug;
		};
		F18B159129F33F4B0097C3C9 /* Release */ = {
			isa = XCBuildConfiguration;
			buildSettings = {
				ALWAYS_SEARCH_USER_PATHS = NO;
				CLANG_ANALYZER_NONNULL = YES;
				CLANG_ANALYZER_NUMBER_OBJECT_CONVERSION = YES_AGGRESSIVE;
				CLANG_CXX_LANGUAGE_STANDARD = "gnu++20";
				CLANG_ENABLE_MODULES = YES;
				CLANG_ENABLE_OBJC_ARC = YES;
				CLANG_ENABLE_OBJC_WEAK = YES;
				CLANG_WARN_BLOCK_CAPTURE_AUTORELEASING = YES;
				CLANG_WARN_BOOL_CONVERSION = YES;
				CLANG_WARN_COMMA = YES;
				CLANG_WARN_CONSTANT_CONVERSION = YES;
				CLANG_WARN_DEPRECATED_OBJC_IMPLEMENTATIONS = YES;
				CLANG_WARN_DIRECT_OBJC_ISA_USAGE = YES_ERROR;
				CLANG_WARN_DOCUMENTATION_COMMENTS = YES;
				CLANG_WARN_EMPTY_BODY = YES;
				CLANG_WARN_ENUM_CONVERSION = YES;
				CLANG_WARN_INFINITE_RECURSION = YES;
				CLANG_WARN_INT_CONVERSION = YES;
				CLANG_WARN_NON_LITERAL_NULL_CONVERSION = YES;
				CLANG_WARN_OBJC_IMPLICIT_RETAIN_SELF = YES;
				CLANG_WARN_OBJC_LITERAL_CONVERSION = YES;
				CLANG_WARN_OBJC_ROOT_CLASS = YES_ERROR;
				CLANG_WARN_QUOTED_INCLUDE_IN_FRAMEWORK_HEADER = YES;
				CLANG_WARN_RANGE_LOOP_ANALYSIS = YES;
				CLANG_WARN_STRICT_PROTOTYPES = YES;
				CLANG_WARN_SUSPICIOUS_MOVE = YES;
				CLANG_WARN_UNGUARDED_AVAILABILITY = YES_AGGRESSIVE;
				CLANG_WARN_UNREACHABLE_CODE = YES;
				CLANG_WARN__DUPLICATE_METHOD_MATCH = YES;
				COPY_PHASE_STRIP = NO;
				DEBUG_INFORMATION_FORMAT = "dwarf-with-dsym";
				ENABLE_NS_ASSERTIONS = NO;
				ENABLE_STRICT_OBJC_MSGSEND = YES;
				GCC_C_LANGUAGE_STANDARD = gnu11;
				GCC_NO_COMMON_BLOCKS = YES;
				GCC_WARN_64_TO_32_BIT_CONVERSION = YES;
				GCC_WARN_ABOUT_RETURN_TYPE = YES_ERROR;
				GCC_WARN_UNDECLARED_SELECTOR = YES;
				GCC_WARN_UNINITIALIZED_AUTOS = YES_AGGRESSIVE;
				GCC_WARN_UNUSED_FUNCTION = YES;
				GCC_WARN_UNUSED_VARIABLE = YES;
				MTL_ENABLE_DEBUG_INFO = NO;
				MTL_FAST_MATH = YES;
				SWIFT_COMPILATION_MODE = wholemodule;
				SWIFT_OPTIMIZATION_LEVEL = "-O";
			};
			name = Release;
		};
		F18B159329F33F4B0097C3C9 /* Debug */ = {
			isa = XCBuildConfiguration;
			buildSettings = {
				ASSETCATALOG_COMPILER_APPICON_NAME = AppIcon;
				ASSETCATALOG_COMPILER_GLOBAL_ACCENT_COLOR_NAME = AccentColor;
				CODE_SIGN_ENTITLEMENTS = SwiftyOrbits/SwiftyOrbits.entitlements;
				CODE_SIGN_STYLE = Automatic;
				CURRENT_PROJECT_VERSION = 1;
				DEVELOPMENT_ASSET_PATHS = "\"SwiftyOrbits/Preview Content\"";
				DEVELOPMENT_TEAM = 8R4XAJ3LNY;
				ENABLE_HARDENED_RUNTIME = YES;
				ENABLE_PREVIEWS = YES;
				GENERATE_INFOPLIST_FILE = YES;
				"INFOPLIST_KEY_UIApplicationSceneManifest_Generation[sdk=iphoneos*]" = YES;
				"INFOPLIST_KEY_UIApplicationSceneManifest_Generation[sdk=iphonesimulator*]" = YES;
				"INFOPLIST_KEY_UIApplicationSupportsIndirectInputEvents[sdk=iphoneos*]" = YES;
				"INFOPLIST_KEY_UIApplicationSupportsIndirectInputEvents[sdk=iphonesimulator*]" = YES;
				"INFOPLIST_KEY_UILaunchScreen_Generation[sdk=iphoneos*]" = YES;
				"INFOPLIST_KEY_UILaunchScreen_Generation[sdk=iphonesimulator*]" = YES;
				"INFOPLIST_KEY_UIStatusBarStyle[sdk=iphoneos*]" = UIStatusBarStyleDefault;
				"INFOPLIST_KEY_UIStatusBarStyle[sdk=iphonesimulator*]" = UIStatusBarStyleDefault;
				INFOPLIST_KEY_UISupportedInterfaceOrientations_iPad = "UIInterfaceOrientationPortrait UIInterfaceOrientationPortraitUpsideDown UIInterfaceOrientationLandscapeLeft UIInterfaceOrientationLandscapeRight";
				INFOPLIST_KEY_UISupportedInterfaceOrientations_iPhone = "UIInterfaceOrientationPortrait UIInterfaceOrientationLandscapeLeft UIInterfaceOrientationLandscapeRight";
				IPHONEOS_DEPLOYMENT_TARGET = 16.1;
				LD_RUNPATH_SEARCH_PATHS = "@executable_path/Frameworks";
				"LD_RUNPATH_SEARCH_PATHS[sdk=macosx*]" = "@executable_path/../Frameworks";
				MACOSX_DEPLOYMENT_TARGET = 12.6;
				MARKETING_VERSION = 1.0;
				PRODUCT_BUNDLE_IDENTIFIER = com.ocean.SwiftyOrbits;
				PRODUCT_NAME = "$(TARGET_NAME)";
				SDKROOT = auto;
				SUPPORTED_PLATFORMS = "iphoneos iphonesimulator macosx";
				SWIFT_EMIT_LOC_STRINGS = YES;
				SWIFT_VERSION = 5.0;
				TARGETED_DEVICE_FAMILY = "1,2";
			};
			name = Debug;
		};
		F18B159429F33F4B0097C3C9 /* Release */ = {
			isa = XCBuildConfiguration;
			buildSettings = {
				ASSETCATALOG_COMPILER_APPICON_NAME = AppIcon;
				ASSETCATALOG_COMPILER_GLOBAL_ACCENT_COLOR_NAME = AccentColor;
				CODE_SIGN_ENTITLEMENTS = SwiftyOrbits/SwiftyOrbits.entitlements;
				CODE_SIGN_STYLE = Automatic;
				CURRENT_PROJECT_VERSION = 1;
				DEVELOPMENT_ASSET_PATHS = "\"SwiftyOrbits/Preview Content\"";
				DEVELOPMENT_TEAM = 8R4XAJ3LNY;
				ENABLE_HARDENED_RUNTIME = YES;
				ENABLE_PREVIEWS = YES;
				GENERATE_INFOPLIST_FILE = YES;
				"INFOPLIST_KEY_UIApplicationSceneManifest_Generation[sdk=iphoneos*]" = YES;
				"INFOPLIST_KEY_UIApplicationSceneManifest_Generation[sdk=iphonesimulator*]" = YES;
				"INFOPLIST_KEY_UIApplicationSupportsIndirectInputEvents[sdk=iphoneos*]" = YES;
				"INFOPLIST_KEY_UIApplicationSupportsIndirectInputEvents[sdk=iphonesimulator*]" = YES;
				"INFOPLIST_KEY_UILaunchScreen_Generation[sdk=iphoneos*]" = YES;
				"INFOPLIST_KEY_UILaunchScreen_Generation[sdk=iphonesimulator*]" = YES;
				"INFOPLIST_KEY_UIStatusBarStyle[sdk=iphoneos*]" = UIStatusBarStyleDefault;
				"INFOPLIST_KEY_UIStatusBarStyle[sdk=iphonesimulator*]" = UIStatusBarStyleDefault;
				INFOPLIST_KEY_UISupportedInterfaceOrientations_iPad = "UIInterfaceOrientationPortrait UIInterfaceOrientationPortraitUpsideDown UIInterfaceOrientationLandscapeLeft UIInterfaceOrientationLandscapeRight";
				INFOPLIST_KEY_UISupportedInterfaceOrientations_iPhone = "UIInterfaceOrientationPortrait UIInterfaceOrientationLandscapeLeft UIInterfaceOrientationLandscapeRight";
				IPHONEOS_DEPLOYMENT_TARGET = 16.1;
				LD_RUNPATH_SEARCH_PATHS = "@executable_path/Frameworks";
				"LD_RUNPATH_SEARCH_PATHS[sdk=macosx*]" = "@executable_path/../Frameworks";
				MACOSX_DEPLOYMENT_TARGET = 12.6;
				MARKETING_VERSION = 1.0;
				PRODUCT_BUNDLE_IDENTIFIER = com.ocean.SwiftyOrbits;
				PRODUCT_NAME = "$(TARGET_NAME)";
				SDKROOT = auto;
				SUPPORTED_PLATFORMS = "iphoneos iphonesimulator macosx";
				SWIFT_EMIT_LOC_STRINGS = YES;
				SWIFT_VERSION = 5.0;
				TARGETED_DEVICE_FAMILY = "1,2";
			};
			name = Release;
		};
/* End XCBuildConfiguration section */

/* Begin XCConfigurationList section */
		F18B157E29F33F490097C3C9 /* Build configuration list for PBXProject "SwiftyOrbits" */ = {
			isa = XCConfigurationList;
			buildConfigurations = (
				F18B159029F33F4B0097C3C9 /* Debug */,
				F18B159129F33F4B0097C3C9 /* Release */,
			);
			defaultConfigurationIsVisible = 0;
			defaultConfigurationName = Release;
		};
		F18B159229F33F4B0097C3C9 /* Build configuration list for PBXNativeTarget "SwiftyOrbits" */ = {
			isa = XCConfigurationList;
			buildConfigurations = (
				F18B159329F33F4B0097C3C9 /* Debug */,
				F18B159429F33F4B0097C3C9 /* Release */,
			);
			defaultConfigurationIsVisible = 0;
			defaultConfigurationName = Release;
		};
/* End XCConfigurationList section */
	};
	rootObject = F18B157B29F33F490097C3C9 /* Project object */;
}
